
Microsoft Visual Studio Solution File, Format Version 12.00
Project("{FAE04EC0-301F-11D3-BF4B-00C04F79EFBC}") = "Api.Cadastro", "Api.Cadastro\Api.Cadastro.csproj", "{3CA0BE32-9DF5-45DF-B739-EE677584D01B}"
EndProject
Project("{2150E333-8FDC-42A3-9474-1A3956D46DE8}") = "Adaptadores", "Adaptadores", "{A34A61A9-9A6F-4BB3-A21F-D0A6CFF385D3}"
EndProject
Project("{2150E333-8FDC-42A3-9474-1A3956D46DE8}") = "Primarios", "Primarios", "{5B8A7073-ED43-43AB-B3A2-3CDB5B47D47C}"
EndProject
Project("{2150E333-8FDC-42A3-9474-1A3956D46DE8}") = "Secundarios", "Secundarios", "{E6AEAEB2-2B83-4766-A704-7106ACBCB430}"
EndProject
Project("{FAE04EC0-301F-11D3-BF4B-00C04F79EFBC}") = "Api.Cadastro.Infra.Dados", "Api.Cadastro.Infra.Dados\Api.Cadastro.Infra.Dados.csproj", "{A3DB712F-3F6E-4FEE-B9A1-4A1F8856E030}"
EndProject
Project("{2150E333-8FDC-42A3-9474-1A3956D46DE8}") = "Core", "Core", "{D96EB4E7-AE16-4DAF-BAF2-30BB856DAC17}"
EndProject
Project("{FAE04EC0-301F-11D3-BF4B-00C04F79EFBC}") = "Api.Cadastro.Dominio", "Api.Cadastro.Dominio\Api.Cadastro.Dominio.csproj", "{E1A7CC49-44C5-4DC3-B898-EE39F69572FC}"
EndProject
Project("{FAE04EC0-301F-11D3-BF4B-00C04F79EFBC}") = "Api.Cadastro.Aplicacao", "Api.Cadastro.Aplicacao\Api.Cadastro.Aplicacao.csproj", "{A9DD0E42-531A-47DA-BB16-209ED18CD041}"
EndProject
Project("{2150E333-8FDC-42A3-9474-1A3956D46DE8}") = "Testes", "Testes", "{2F161BF6-B146-4CBD-A32F-A67B2D90744D}"
EndProject
Project("{FAE04EC0-301F-11D3-BF4B-00C04F79EFBC}") = "Api.Cadastro.Testes", "Api.Cadastro.Testes\Api.Cadastro.Testes.csproj", "{B70D224C-154B-471D-8855-6A993D3DE032}"
EndProject
Project("{2150E333-8FDC-42A3-9474-1A3956D46DE8}") = "Artefatos", "Artefatos", "{F53671F2-2218-4F36-A7EC-6719241C3573}"
EndProject
Project("{FAE04EC0-301F-11D3-BF4B-00C04F79EFBC}") = "Artefatos.Notificacoes", "..\..\artefatos\Artefatos\Artefatos.Notificacoes\Artefatos.Notificacoes.csproj", "{E4C9D72C-C5C0-4D71-A953-C90411082263}"
EndProject
Project("{FAE04EC0-301F-11D3-BF4B-00C04F79EFBC}") = "Artefatos.Seguranca", "..\..\artefatos\Artefatos\Artefatos.Seguranca\Artefatos.Seguranca.csproj", "{B7729388-87D7-4037-8CF2-95BDBB3248B6}"
EndProject
Project("{FAE04EC0-301F-11D3-BF4B-00C04F79EFBC}") = "Artefatos.Identidade", "..\..\artefatos\Artefatos\Artefatos.Identidade\Artefatos.Identidade.csproj", "{EF937A49-D5F7-48B2-9E3D-6659F85E3953}"
EndProject
Global
	GlobalSection(SolutionConfigurationPlatforms) = preSolution
		Debug|Any CPU = Debug|Any CPU
		Release|Any CPU = Release|Any CPU
	EndGlobalSection
	GlobalSection(ProjectConfigurationPlatforms) = postSolution
		{3CA0BE32-9DF5-45DF-B739-EE677584D01B}.Debug|Any CPU.ActiveCfg = Debug|Any CPU
		{3CA0BE32-9DF5-45DF-B739-EE677584D01B}.Debug|Any CPU.Build.0 = Debug|Any CPU
		{3CA0BE32-9DF5-45DF-B739-EE677584D01B}.Release|Any CPU.ActiveCfg = Release|Any CPU
		{3CA0BE32-9DF5-45DF-B739-EE677584D01B}.Release|Any CPU.Build.0 = Release|Any CPU
		{A3DB712F-3F6E-4FEE-B9A1-4A1F8856E030}.Debug|Any CPU.ActiveCfg = Debug|Any CPU
		{A3DB712F-3F6E-4FEE-B9A1-4A1F8856E030}.Debug|Any CPU.Build.0 = Debug|Any CPU
		{A3DB712F-3F6E-4FEE-B9A1-4A1F8856E030}.Release|Any CPU.ActiveCfg = Release|Any CPU
		{A3DB712F-3F6E-4FEE-B9A1-4A1F8856E030}.Release|Any CPU.Build.0 = Release|Any CPU
		{E1A7CC49-44C5-4DC3-B898-EE39F69572FC}.Debug|Any CPU.ActiveCfg = Debug|Any CPU
		{E1A7CC49-44C5-4DC3-B898-EE39F69572FC}.Debug|Any CPU.Build.0 = Debug|Any CPU
		{E1A7CC49-44C5-4DC3-B898-EE39F69572FC}.Release|Any CPU.ActiveCfg = Release|Any CPU
		{E1A7CC49-44C5-4DC3-B898-EE39F69572FC}.Release|Any CPU.Build.0 = Release|Any CPU
		{A9DD0E42-531A-47DA-BB16-209ED18CD041}.Debug|Any CPU.ActiveCfg = Debug|Any CPU
		{A9DD0E42-531A-47DA-BB16-209ED18CD041}.Debug|Any CPU.Build.0 = Debug|Any CPU
		{A9DD0E42-531A-47DA-BB16-209ED18CD041}.Release|Any CPU.ActiveCfg = Release|Any CPU
		{A9DD0E42-531A-47DA-BB16-209ED18CD041}.Release|Any CPU.Build.0 = Release|Any CPU
		{B70D224C-154B-471D-8855-6A993D3DE032}.Debug|Any CPU.ActiveCfg = Debug|Any CPU
		{B70D224C-154B-471D-8855-6A993D3DE032}.Debug|Any CPU.Build.0 = Debug|Any CPU
		{B70D224C-154B-471D-8855-6A993D3DE032}.Release|Any CPU.ActiveCfg = Release|Any CPU
		{B70D224C-154B-471D-8855-6A993D3DE032}.Release|Any CPU.Build.0 = Release|Any CPU
		{E4C9D72C-C5C0-4D71-A953-C90411082263}.Debug|Any CPU.ActiveCfg = Debug|Any CPU
		{E4C9D72C-C5C0-4D71-A953-C90411082263}.Debug|Any CPU.Build.0 = Debug|Any CPU
		{E4C9D72C-C5C0-4D71-A953-C90411082263}.Release|Any CPU.ActiveCfg = Release|Any CPU
		{E4C9D72C-C5C0-4D71-A953-C90411082263}.Release|Any CPU.Build.0 = Release|Any CPU
		{B7729388-87D7-4037-8CF2-95BDBB3248B6}.Debug|Any CPU.ActiveCfg = Debug|Any CPU
		{B7729388-87D7-4037-8CF2-95BDBB3248B6}.Debug|Any CPU.Build.0 = Debug|Any CPU
		{B7729388-87D7-4037-8CF2-95BDBB3248B6}.Release|Any CPU.ActiveCfg = Release|Any CPU
		{B7729388-87D7-4037-8CF2-95BDBB3248B6}.Release|Any CPU.Build.0 = Release|Any CPU
		{EF937A49-D5F7-48B2-9E3D-6659F85E3953}.Debug|Any CPU.ActiveCfg = Debug|Any CPU
		{EF937A49-D5F7-48B2-9E3D-6659F85E3953}.Debug|Any CPU.Build.0 = Debug|Any CPU
		{EF937A49-D5F7-48B2-9E3D-6659F85E3953}.Release|Any CPU.ActiveCfg = Release|Any CPU
		{EF937A49-D5F7-48B2-9E3D-6659F85E3953}.Release|Any CPU.Build.0 = Release|Any CPU
	EndGlobalSection
	GlobalSection(NestedProjects) = preSolution
		{5B8A7073-ED43-43AB-B3A2-3CDB5B47D47C} = {A34A61A9-9A6F-4BB3-A21F-D0A6CFF385D3}
		{3CA0BE32-9DF5-45DF-B739-EE677584D01B} = {5B8A7073-ED43-43AB-B3A2-3CDB5B47D47C}
		{E6AEAEB2-2B83-4766-A704-7106ACBCB430} = {A34A61A9-9A6F-4BB3-A21F-D0A6CFF385D3}
		{A3DB712F-3F6E-4FEE-B9A1-4A1F8856E030} = {E6AEAEB2-2B83-4766-A704-7106ACBCB430}
		{E1A7CC49-44C5-4DC3-B898-EE39F69572FC} = {D96EB4E7-AE16-4DAF-BAF2-30BB856DAC17}
		{A9DD0E42-531A-47DA-BB16-209ED18CD041} = {D96EB4E7-AE16-4DAF-BAF2-30BB856DAC17}
		{B70D224C-154B-471D-8855-6A993D3DE032} = {2F161BF6-B146-4CBD-A32F-A67B2D90744D}
		{E4C9D72C-C5C0-4D71-A953-C90411082263} = {F53671F2-2218-4F36-A7EC-6719241C3573}
		{B7729388-87D7-4037-8CF2-95BDBB3248B6} = {F53671F2-2218-4F36-A7EC-6719241C3573}
		{EF937A49-D5F7-48B2-9E3D-6659F85E3953} = {F53671F2-2218-4F36-A7EC-6719241C3573}
	EndGlobalSection
EndGlobal
