
Microsoft Visual Studio Solution File, Format Version 12.00
Project("{FAE04EC0-301F-11D3-BF4B-00C04F79EFBC}") = "Api.Saldos", "Api.Saldos\Api.Saldos.csproj", "{535EA168-1DB5-415A-9B5C-59A6AE0F8B38}"
EndProject
Project("{2150E333-8FDC-42A3-9474-1A3956D46DE8}") = "Adaptadores", "Adaptadores", "{7C3A6EFB-AE49-4C1F-B8DA-519C48DFD4B8}"
EndProject
Project("{2150E333-8FDC-42A3-9474-1A3956D46DE8}") = "Primarios", "Primarios", "{721B607F-7C96-4B9D-A384-7F5B565A701C}"
EndProject
Project("{2150E333-8FDC-42A3-9474-1A3956D46DE8}") = "Secundarios", "Secundarios", "{58EA6372-3062-4495-B670-E1872CD356A0}"
EndProject
Project("{FAE04EC0-301F-11D3-BF4B-00C04F79EFBC}") = "Api.Saldos.Infra.Dados", "Api.Saldos.Infra.Dados\Api.Saldos.Infra.Dados.csproj", "{57582723-6D9C-48BB-BBE9-4FFFD8D50E83}"
EndProject
Project("{2150E333-8FDC-42A3-9474-1A3956D46DE8}") = "Core", "Core", "{F69BEFA4-92EF-4C30-9FD8-62B91660051E}"
EndProject
Project("{FAE04EC0-301F-11D3-BF4B-00C04F79EFBC}") = "Api.Saldos.Aplicacao", "Api.Saldos.Aplicacao\Api.Saldos.Aplicacao.csproj", "{C1B0988D-DAB8-421F-AD5B-F05308E47A55}"
EndProject
Project("{FAE04EC0-301F-11D3-BF4B-00C04F79EFBC}") = "Api.Saldos.Dominio", "Api.Saldos.Dominio\Api.Saldos.Dominio.csproj", "{B21BA8A6-22F5-43C0-9DE6-05EA6F66CEBA}"
EndProject
Project("{2150E333-8FDC-42A3-9474-1A3956D46DE8}") = "Testes", "Testes", "{7A6359FF-C4EA-46EC-A818-3A361C063D7B}"
EndProject
Project("{FAE04EC0-301F-11D3-BF4B-00C04F79EFBC}") = "Api.Saldos.Testes", "Api.Saldos.Testes\Api.Saldos.Testes.csproj", "{CC53B2AB-5ED6-40D0-AF2C-14AB58C1F574}"
EndProject
Project("{2150E333-8FDC-42A3-9474-1A3956D46DE8}") = "Artefatos", "Artefatos", "{EFEA0695-7443-44A1-8B5F-A575616E4162}"
EndProject
Project("{FAE04EC0-301F-11D3-BF4B-00C04F79EFBC}") = "Artefatos.Identidade", "..\..\artefatos\Artefatos\Artefatos.Identidade\Artefatos.Identidade.csproj", "{307C70FB-5C20-4D4C-8C41-9D1C3D8B1F93}"
EndProject
Global
	GlobalSection(SolutionConfigurationPlatforms) = preSolution
		Debug|Any CPU = Debug|Any CPU
		Release|Any CPU = Release|Any CPU
	EndGlobalSection
	GlobalSection(ProjectConfigurationPlatforms) = postSolution
		{535EA168-1DB5-415A-9B5C-59A6AE0F8B38}.Debug|Any CPU.ActiveCfg = Debug|Any CPU
		{535EA168-1DB5-415A-9B5C-59A6AE0F8B38}.Debug|Any CPU.Build.0 = Debug|Any CPU
		{535EA168-1DB5-415A-9B5C-59A6AE0F8B38}.Release|Any CPU.ActiveCfg = Release|Any CPU
		{535EA168-1DB5-415A-9B5C-59A6AE0F8B38}.Release|Any CPU.Build.0 = Release|Any CPU
		{57582723-6D9C-48BB-BBE9-4FFFD8D50E83}.Debug|Any CPU.ActiveCfg = Debug|Any CPU
		{57582723-6D9C-48BB-BBE9-4FFFD8D50E83}.Debug|Any CPU.Build.0 = Debug|Any CPU
		{57582723-6D9C-48BB-BBE9-4FFFD8D50E83}.Release|Any CPU.ActiveCfg = Release|Any CPU
		{57582723-6D9C-48BB-BBE9-4FFFD8D50E83}.Release|Any CPU.Build.0 = Release|Any CPU
		{C1B0988D-DAB8-421F-AD5B-F05308E47A55}.Debug|Any CPU.ActiveCfg = Debug|Any CPU
		{C1B0988D-DAB8-421F-AD5B-F05308E47A55}.Debug|Any CPU.Build.0 = Debug|Any CPU
		{C1B0988D-DAB8-421F-AD5B-F05308E47A55}.Release|Any CPU.ActiveCfg = Release|Any CPU
		{C1B0988D-DAB8-421F-AD5B-F05308E47A55}.Release|Any CPU.Build.0 = Release|Any CPU
		{B21BA8A6-22F5-43C0-9DE6-05EA6F66CEBA}.Debug|Any CPU.ActiveCfg = Debug|Any CPU
		{B21BA8A6-22F5-43C0-9DE6-05EA6F66CEBA}.Debug|Any CPU.Build.0 = Debug|Any CPU
		{B21BA8A6-22F5-43C0-9DE6-05EA6F66CEBA}.Release|Any CPU.ActiveCfg = Release|Any CPU
		{B21BA8A6-22F5-43C0-9DE6-05EA6F66CEBA}.Release|Any CPU.Build.0 = Release|Any CPU
		{CC53B2AB-5ED6-40D0-AF2C-14AB58C1F574}.Debug|Any CPU.ActiveCfg = Debug|Any CPU
		{CC53B2AB-5ED6-40D0-AF2C-14AB58C1F574}.Debug|Any CPU.Build.0 = Debug|Any CPU
		{CC53B2AB-5ED6-40D0-AF2C-14AB58C1F574}.Release|Any CPU.ActiveCfg = Release|Any CPU
		{CC53B2AB-5ED6-40D0-AF2C-14AB58C1F574}.Release|Any CPU.Build.0 = Release|Any CPU
		{307C70FB-5C20-4D4C-8C41-9D1C3D8B1F93}.Debug|Any CPU.ActiveCfg = Debug|Any CPU
		{307C70FB-5C20-4D4C-8C41-9D1C3D8B1F93}.Debug|Any CPU.Build.0 = Debug|Any CPU
		{307C70FB-5C20-4D4C-8C41-9D1C3D8B1F93}.Release|Any CPU.ActiveCfg = Release|Any CPU
		{307C70FB-5C20-4D4C-8C41-9D1C3D8B1F93}.Release|Any CPU.Build.0 = Release|Any CPU
	EndGlobalSection
	GlobalSection(NestedProjects) = preSolution
		{721B607F-7C96-4B9D-A384-7F5B565A701C} = {7C3A6EFB-AE49-4C1F-B8DA-519C48DFD4B8}
		{535EA168-1DB5-415A-9B5C-59A6AE0F8B38} = {721B607F-7C96-4B9D-A384-7F5B565A701C}
		{58EA6372-3062-4495-B670-E1872CD356A0} = {7C3A6EFB-AE49-4C1F-B8DA-519C48DFD4B8}
		{57582723-6D9C-48BB-BBE9-4FFFD8D50E83} = {58EA6372-3062-4495-B670-E1872CD356A0}
		{C1B0988D-DAB8-421F-AD5B-F05308E47A55} = {F69BEFA4-92EF-4C30-9FD8-62B91660051E}
		{B21BA8A6-22F5-43C0-9DE6-05EA6F66CEBA} = {F69BEFA4-92EF-4C30-9FD8-62B91660051E}
		{CC53B2AB-5ED6-40D0-AF2C-14AB58C1F574} = {7A6359FF-C4EA-46EC-A818-3A361C063D7B}
		{307C70FB-5C20-4D4C-8C41-9D1C3D8B1F93} = {EFEA0695-7443-44A1-8B5F-A575616E4162}
	EndGlobalSection
EndGlobal
