Microsoft Visual Studio Solution File, Format Version 12.00
Project("{FAE04EC0-301F-11D3-BF4B-00C04F79EFBC}") = "ObservabilidadeAspire.AppHost", "ObservabilidadeAspire.AppHost\ObservabilidadeAspire.AppHost.csproj", "{CA28928B-40EC-49BA-8CC4-7BC3EC2A116D}"
EndProject
Project("{2150E333-8FDC-42A3-9474-1A3956D46DE8}") = "aspire", "aspire", "{A40BA634-7918-4ED3-AD53-D55098E703FD}"
EndProject
Project("{2150E333-8FDC-42A3-9474-1A3956D46DE8}") = "src", "src", "{46612164-1A15-4158-8249-62A74AD2A80A}"
EndProject
Project("{FAE04EC0-301F-11D3-BF4B-00C04F79EFBC}") = "ObservabilidadeAspire.ServiceDefaults", "ObservabilidadeAspire.ServiceDefaults\ObservabilidadeAspire.ServiceDefaults.csproj", "{3C368823-CFB5-49F6-A3E7-B8F86B4E0305}"
EndProject
Project("{2150E333-8FDC-42A3-9474-1A3956D46DE8}") = "Artefatos", "Artefatos", "{F612EED9-37CB-4C78-8C80-4CBD1A36D2A4}"
EndProject
Project("{FAE04EC0-301F-11D3-BF4B-00C04F79EFBC}") = "Artefatos.Seguranca", "..\..\artefatos\Artefatos\Artefatos.Seguranca\Artefatos.Seguranca.csproj", "{74BBDFE7-1E5A-43CA-99DA-B0A38709E0FF}"
EndProject
Project("{FAE04EC0-301F-11D3-BF4B-00C04F79EFBC}") = "Artefatos.Notificacoes", "..\..\artefatos\Artefatos\Artefatos.Notificacoes\Artefatos.Notificacoes.csproj", "{00306D4D-D29A-4B23-825B-40609F3DE988}"
EndProject
Project("{FAE04EC0-301F-11D3-BF4B-00C04F79EFBC}") = "Artefatos.Identidade", "..\..\artefatos\Artefatos\Artefatos.Identidade\Artefatos.Identidade.csproj", "{2C8044D5-8848-4AE8-A236-92122E0DFBCC}"
EndProject
Project("{2150E333-8FDC-42A3-9474-1A3956D46DE8}") = "Core", "Core", "{18092482-5A3E-4B70-8DC6-79290A03A808}"
EndProject
Project("{FAE04EC0-301F-11D3-BF4B-00C04F79EFBC}") = "Api.Autenticacoes.Dominio", "..\..\api-autenticacao\Api.Autenticacoes\Api.Autenticacoes.Dominio\Api.Autenticacoes.Dominio.csproj", "{DCEB3738-EC98-4D4A-9751-C3B227AE93B1}"
EndProject
Project("{FAE04EC0-301F-11D3-BF4B-00C04F79EFBC}") = "Api.Autenticacoes.Aplicacao", "..\..\api-autenticacao\Api.Autenticacoes\Api.Autenticacoes.Aplicacao\Api.Autenticacoes.Aplicacao.csproj", "{825BD037-79ED-42BD-BE9A-51C051E91464}"
EndProject
Project("{FAE04EC0-301F-11D3-BF4B-00C04F79EFBC}") = "Api.Cadastro.Dominio", "..\..\api-cadastro\Api.Cadastro\Api.Cadastro.Dominio\Api.Cadastro.Dominio.csproj", "{E38DD329-8717-490B-B9C1-986B8BF66DA0}"
EndProject
Project("{FAE04EC0-301F-11D3-BF4B-00C04F79EFBC}") = "Api.Cadastro.Aplicacao", "..\..\api-cadastro\Api.Cadastro\Api.Cadastro.Aplicacao\Api.Cadastro.Aplicacao.csproj", "{52E6E28F-6E73-4CCD-8168-86452AD43348}"
EndProject
Project("{FAE04EC0-301F-11D3-BF4B-00C04F79EFBC}") = "Api.Movimentacoes.Dominio", "..\..\api-movimentacoes\Api.Movimentacoes\Api.Movimentacoes.Dominio\Api.Movimentacoes.Dominio.csproj", "{A63965E6-00FD-405B-B6D0-665942EA13A2}"
EndProject
Project("{FAE04EC0-301F-11D3-BF4B-00C04F79EFBC}") = "Api.Movimentacoes.Aplicacao", "..\..\api-movimentacoes\Api.Movimentacoes\Api.Movimentacoes.Aplicacao\Api.Movimentacoes.Aplicacao.csproj", "{0269DB97-E5D1-4A47-8231-B56B95B1651A}"
EndProject
Project("{FAE04EC0-301F-11D3-BF4B-00C04F79EFBC}") = "Api.Saldos.Dominio", "..\..\api-saldo\Api.Saldos\Api.Saldos.Dominio\Api.Saldos.Dominio.csproj", "{298428C2-1E57-44DD-A146-8D1D287D5FD2}"
EndProject
Project("{FAE04EC0-301F-11D3-BF4B-00C04F79EFBC}") = "Api.Saldos.Aplicacao", "..\..\api-saldo\Api.Saldos\Api.Saldos.Aplicacao\Api.Saldos.Aplicacao.csproj", "{BF0A048E-1EE2-4C41-9EB5-261BE21C6132}"
EndProject
Project("{2150E333-8FDC-42A3-9474-1A3956D46DE8}") = "Secundarios", "Secundarios", "{C0298BAA-11E4-4286-83BF-D292925185AB}"
EndProject
Project("{2150E333-8FDC-42A3-9474-1A3956D46DE8}") = "Adaptadores", "Adaptadores", "{5321FAC5-6A31-4CFE-BAE4-6577995F043D}"
EndProject
Project("{2150E333-8FDC-42A3-9474-1A3956D46DE8}") = "Dominios", "Dominios", "{979B0D02-4D80-4246-815E-E890D9BDA808}"
EndProject
Project("{2150E333-8FDC-42A3-9474-1A3956D46DE8}") = "Aplicacoes", "Aplicacoes", "{9836E889-562D-496A-9B6E-D63052819FE4}"
EndProject
Project("{2150E333-8FDC-42A3-9474-1A3956D46DE8}") = "Dados", "Dados", "{EE9527D6-73D4-44E9-B718-4D1C0C399713}"
EndProject
Project("{FAE04EC0-301F-11D3-BF4B-00C04F79EFBC}") = "Api.Autenticacoes.Dados", "..\..\api-autenticacao\Api.Autenticacoes\Api.Autenticacoes.Dados\Api.Autenticacoes.Dados.csproj", "{C64C937E-A6F3-4737-B7F1-BC77FDC6E9CE}"
EndProject
Project("{FAE04EC0-301F-11D3-BF4B-00C04F79EFBC}") = "Api.Saldos.Infra.Dados", "..\..\api-saldo\Api.Saldos\Api.Saldos.Infra.Dados\Api.Saldos.Infra.Dados.csproj", "{09462F37-A2B2-4C2C-92E7-9EEE435D6882}"
EndProject
Project("{FAE04EC0-301F-11D3-BF4B-00C04F79EFBC}") = "Api.Cadastro.Infra.Dados", "..\..\api-cadastro\Api.Cadastro\Api.Cadastro.Infra.Dados\Api.Cadastro.Infra.Dados.csproj", "{33F348F0-7678-4EB2-B127-6DFF865FC304}"
EndProject
Project("{FAE04EC0-301F-11D3-BF4B-00C04F79EFBC}") = "Api.Movimentacoes.Infra.Dados", "..\..\api-movimentacoes\Api.Movimentacoes\Api.Movimentacoes.Infra.Dados\Api.Movimentacoes.Infra.Dados.csproj", "{21D38476-2634-44EB-8DAF-536FF175E281}"
EndProject
Project("{2150E333-8FDC-42A3-9474-1A3956D46DE8}") = "Primarios", "Primarios", "{FAB885DB-25FF-45E0-84F2-8D894C5B348E}"
EndProject
Project("{FAE04EC0-301F-11D3-BF4B-00C04F79EFBC}") = "Api.Autenticacoes", "..\..\api-autenticacao\Api.Autenticacoes\Api.Autenticacoes\Api.Autenticacoes.csproj", "{981AB334-D7DF-4F00-BF33-CF6FB10ED8E7}"
EndProject
Project("{FAE04EC0-301F-11D3-BF4B-00C04F79EFBC}") = "Api.Cadastro", "..\..\api-cadastro\Api.Cadastro\Api.Cadastro\Api.Cadastro.csproj", "{0ABCD858-70DC-4B0A-AE7C-C1A0A91FEBB4}"
EndProject
Project("{FAE04EC0-301F-11D3-BF4B-00C04F79EFBC}") = "Api.Saldos", "..\..\api-saldo\Api.Saldos\Api.Saldos\Api.Saldos.csproj", "{9A6B6FE2-DC2D-47BC-A451-2B84D4B9FA82}"
EndProject
Project("{FAE04EC0-301F-11D3-BF4B-00C04F79EFBC}") = "Api.Movimentacoes", "..\..\api-movimentacoes\Api.Movimentacoes\Api.Movimentacoes\Api.Movimentacoes.csproj", "{4654EBE4-E3EA-420A-A32B-3920CFEF96EE}"
EndProject
Global
	GlobalSection(ProjectConfigurationPlatforms) = postSolution
		{981AB334-D7DF-4F00-BF33-CF6FB10ED8E7}.Debug|Any CPU.ActiveCfg = Debug|Any CPU
		{981AB334-D7DF-4F00-BF33-CF6FB10ED8E7}.Debug|Any CPU.Build.0 = Debug|Any CPU
		{981AB334-D7DF-4F00-BF33-CF6FB10ED8E7}.Release|Any CPU.ActiveCfg = Release|Any CPU
		{981AB334-D7DF-4F00-BF33-CF6FB10ED8E7}.Release|Any CPU.Build.0 = Release|Any CPU
		{825BD037-79ED-42BD-BE9A-51C051E91464}.Debug|Any CPU.ActiveCfg = Debug|Any CPU
		{825BD037-79ED-42BD-BE9A-51C051E91464}.Debug|Any CPU.Build.0 = Debug|Any CPU
		{825BD037-79ED-42BD-BE9A-51C051E91464}.Release|Any CPU.ActiveCfg = Release|Any CPU
		{825BD037-79ED-42BD-BE9A-51C051E91464}.Release|Any CPU.Build.0 = Release|Any CPU
		{C64C937E-A6F3-4737-B7F1-BC77FDC6E9CE}.Debug|Any CPU.ActiveCfg = Debug|Any CPU
		{C64C937E-A6F3-4737-B7F1-BC77FDC6E9CE}.Debug|Any CPU.Build.0 = Debug|Any CPU
		{C64C937E-A6F3-4737-B7F1-BC77FDC6E9CE}.Release|Any CPU.ActiveCfg = Release|Any CPU
		{C64C937E-A6F3-4737-B7F1-BC77FDC6E9CE}.Release|Any CPU.Build.0 = Release|Any CPU
		{DCEB3738-EC98-4D4A-9751-C3B227AE93B1}.Debug|Any CPU.ActiveCfg = Debug|Any CPU
		{DCEB3738-EC98-4D4A-9751-C3B227AE93B1}.Debug|Any CPU.Build.0 = Debug|Any CPU
		{DCEB3738-EC98-4D4A-9751-C3B227AE93B1}.Release|Any CPU.ActiveCfg = Release|Any CPU
		{DCEB3738-EC98-4D4A-9751-C3B227AE93B1}.Release|Any CPU.Build.0 = Release|Any CPU
		{0ABCD858-70DC-4B0A-AE7C-C1A0A91FEBB4}.Debug|Any CPU.ActiveCfg = Debug|Any CPU
		{0ABCD858-70DC-4B0A-AE7C-C1A0A91FEBB4}.Debug|Any CPU.Build.0 = Debug|Any CPU
		{0ABCD858-70DC-4B0A-AE7C-C1A0A91FEBB4}.Release|Any CPU.ActiveCfg = Release|Any CPU
		{0ABCD858-70DC-4B0A-AE7C-C1A0A91FEBB4}.Release|Any CPU.Build.0 = Release|Any CPU
		{52E6E28F-6E73-4CCD-8168-86452AD43348}.Debug|Any CPU.ActiveCfg = Debug|Any CPU
		{52E6E28F-6E73-4CCD-8168-86452AD43348}.Debug|Any CPU.Build.0 = Debug|Any CPU
		{52E6E28F-6E73-4CCD-8168-86452AD43348}.Release|Any CPU.ActiveCfg = Release|Any CPU
		{52E6E28F-6E73-4CCD-8168-86452AD43348}.Release|Any CPU.Build.0 = Release|Any CPU
		{E38DD329-8717-490B-B9C1-986B8BF66DA0}.Debug|Any CPU.ActiveCfg = Debug|Any CPU
		{E38DD329-8717-490B-B9C1-986B8BF66DA0}.Debug|Any CPU.Build.0 = Debug|Any CPU
		{E38DD329-8717-490B-B9C1-986B8BF66DA0}.Release|Any CPU.ActiveCfg = Release|Any CPU
		{E38DD329-8717-490B-B9C1-986B8BF66DA0}.Release|Any CPU.Build.0 = Release|Any CPU
		{33F348F0-7678-4EB2-B127-6DFF865FC304}.Debug|Any CPU.ActiveCfg = Debug|Any CPU
		{33F348F0-7678-4EB2-B127-6DFF865FC304}.Debug|Any CPU.Build.0 = Debug|Any CPU
		{33F348F0-7678-4EB2-B127-6DFF865FC304}.Release|Any CPU.ActiveCfg = Release|Any CPU
		{33F348F0-7678-4EB2-B127-6DFF865FC304}.Release|Any CPU.Build.0 = Release|Any CPU
		{4654EBE4-E3EA-420A-A32B-3920CFEF96EE}.Debug|Any CPU.ActiveCfg = Debug|Any CPU
		{4654EBE4-E3EA-420A-A32B-3920CFEF96EE}.Debug|Any CPU.Build.0 = Debug|Any CPU
		{4654EBE4-E3EA-420A-A32B-3920CFEF96EE}.Release|Any CPU.ActiveCfg = Release|Any CPU
		{4654EBE4-E3EA-420A-A32B-3920CFEF96EE}.Release|Any CPU.Build.0 = Release|Any CPU
		{0269DB97-E5D1-4A47-8231-B56B95B1651A}.Debug|Any CPU.ActiveCfg = Debug|Any CPU
		{0269DB97-E5D1-4A47-8231-B56B95B1651A}.Debug|Any CPU.Build.0 = Debug|Any CPU
		{0269DB97-E5D1-4A47-8231-B56B95B1651A}.Release|Any CPU.ActiveCfg = Release|Any CPU
		{0269DB97-E5D1-4A47-8231-B56B95B1651A}.Release|Any CPU.Build.0 = Release|Any CPU
		{A63965E6-00FD-405B-B6D0-665942EA13A2}.Debug|Any CPU.ActiveCfg = Debug|Any CPU
		{A63965E6-00FD-405B-B6D0-665942EA13A2}.Debug|Any CPU.Build.0 = Debug|Any CPU
		{A63965E6-00FD-405B-B6D0-665942EA13A2}.Release|Any CPU.ActiveCfg = Release|Any CPU
		{A63965E6-00FD-405B-B6D0-665942EA13A2}.Release|Any CPU.Build.0 = Release|Any CPU
		{21D38476-2634-44EB-8DAF-536FF175E281}.Debug|Any CPU.ActiveCfg = Debug|Any CPU
		{21D38476-2634-44EB-8DAF-536FF175E281}.Debug|Any CPU.Build.0 = Debug|Any CPU
		{21D38476-2634-44EB-8DAF-536FF175E281}.Release|Any CPU.ActiveCfg = Release|Any CPU
		{21D38476-2634-44EB-8DAF-536FF175E281}.Release|Any CPU.Build.0 = Release|Any CPU
		{9A6B6FE2-DC2D-47BC-A451-2B84D4B9FA82}.Debug|Any CPU.ActiveCfg = Debug|Any CPU
		{9A6B6FE2-DC2D-47BC-A451-2B84D4B9FA82}.Debug|Any CPU.Build.0 = Debug|Any CPU
		{9A6B6FE2-DC2D-47BC-A451-2B84D4B9FA82}.Release|Any CPU.ActiveCfg = Release|Any CPU
		{9A6B6FE2-DC2D-47BC-A451-2B84D4B9FA82}.Release|Any CPU.Build.0 = Release|Any CPU
		{BF0A048E-1EE2-4C41-9EB5-261BE21C6132}.Debug|Any CPU.ActiveCfg = Debug|Any CPU
		{BF0A048E-1EE2-4C41-9EB5-261BE21C6132}.Debug|Any CPU.Build.0 = Debug|Any CPU
		{BF0A048E-1EE2-4C41-9EB5-261BE21C6132}.Release|Any CPU.ActiveCfg = Release|Any CPU
		{BF0A048E-1EE2-4C41-9EB5-261BE21C6132}.Release|Any CPU.Build.0 = Release|Any CPU
		{298428C2-1E57-44DD-A146-8D1D287D5FD2}.Debug|Any CPU.ActiveCfg = Debug|Any CPU
		{298428C2-1E57-44DD-A146-8D1D287D5FD2}.Debug|Any CPU.Build.0 = Debug|Any CPU
		{298428C2-1E57-44DD-A146-8D1D287D5FD2}.Release|Any CPU.ActiveCfg = Release|Any CPU
		{298428C2-1E57-44DD-A146-8D1D287D5FD2}.Release|Any CPU.Build.0 = Release|Any CPU
		{09462F37-A2B2-4C2C-92E7-9EEE435D6882}.Debug|Any CPU.ActiveCfg = Debug|Any CPU
		{09462F37-A2B2-4C2C-92E7-9EEE435D6882}.Debug|Any CPU.Build.0 = Debug|Any CPU
		{09462F37-A2B2-4C2C-92E7-9EEE435D6882}.Release|Any CPU.ActiveCfg = Release|Any CPU
		{09462F37-A2B2-4C2C-92E7-9EEE435D6882}.Release|Any CPU.Build.0 = Release|Any CPU
		{2C8044D5-8848-4AE8-A236-92122E0DFBCC}.Debug|Any CPU.ActiveCfg = Debug|Any CPU
		{2C8044D5-8848-4AE8-A236-92122E0DFBCC}.Debug|Any CPU.Build.0 = Debug|Any CPU
		{2C8044D5-8848-4AE8-A236-92122E0DFBCC}.Release|Any CPU.ActiveCfg = Release|Any CPU
		{2C8044D5-8848-4AE8-A236-92122E0DFBCC}.Release|Any CPU.Build.0 = Release|Any CPU
		{00306D4D-D29A-4B23-825B-40609F3DE988}.Debug|Any CPU.ActiveCfg = Debug|Any CPU
		{00306D4D-D29A-4B23-825B-40609F3DE988}.Debug|Any CPU.Build.0 = Debug|Any CPU
		{00306D4D-D29A-4B23-825B-40609F3DE988}.Release|Any CPU.ActiveCfg = Release|Any CPU
		{00306D4D-D29A-4B23-825B-40609F3DE988}.Release|Any CPU.Build.0 = Release|Any CPU
		{74BBDFE7-1E5A-43CA-99DA-B0A38709E0FF}.Debug|Any CPU.ActiveCfg = Debug|Any CPU
		{74BBDFE7-1E5A-43CA-99DA-B0A38709E0FF}.Debug|Any CPU.Build.0 = Debug|Any CPU
		{74BBDFE7-1E5A-43CA-99DA-B0A38709E0FF}.Release|Any CPU.ActiveCfg = Release|Any CPU
		{74BBDFE7-1E5A-43CA-99DA-B0A38709E0FF}.Release|Any CPU.Build.0 = Release|Any CPU
		{CA28928B-40EC-49BA-8CC4-7BC3EC2A116D}.Debug|Any CPU.ActiveCfg = Debug|Any CPU
		{CA28928B-40EC-49BA-8CC4-7BC3EC2A116D}.Debug|Any CPU.Build.0 = Debug|Any CPU
		{CA28928B-40EC-49BA-8CC4-7BC3EC2A116D}.Release|Any CPU.ActiveCfg = Release|Any CPU
		{CA28928B-40EC-49BA-8CC4-7BC3EC2A116D}.Release|Any CPU.Build.0 = Release|Any CPU
		{3C368823-CFB5-49F6-A3E7-B8F86B4E0305}.Debug|Any CPU.ActiveCfg = Debug|Any CPU
		{3C368823-CFB5-49F6-A3E7-B8F86B4E0305}.Debug|Any CPU.Build.0 = Debug|Any CPU
		{3C368823-CFB5-49F6-A3E7-B8F86B4E0305}.Release|Any CPU.ActiveCfg = Release|Any CPU
		{3C368823-CFB5-49F6-A3E7-B8F86B4E0305}.Release|Any CPU.Build.0 = Release|Any CPU
	EndGlobalSection
	GlobalSection(NestedProjects) = preSolution
		{CA28928B-40EC-49BA-8CC4-7BC3EC2A116D} = {A40BA634-7918-4ED3-AD53-D55098E703FD}
		{3C368823-CFB5-49F6-A3E7-B8F86B4E0305} = {A40BA634-7918-4ED3-AD53-D55098E703FD}
		{F612EED9-37CB-4C78-8C80-4CBD1A36D2A4} = {46612164-1A15-4158-8249-62A74AD2A80A}
		{74BBDFE7-1E5A-43CA-99DA-B0A38709E0FF} = {F612EED9-37CB-4C78-8C80-4CBD1A36D2A4}
		{00306D4D-D29A-4B23-825B-40609F3DE988} = {F612EED9-37CB-4C78-8C80-4CBD1A36D2A4}
		{2C8044D5-8848-4AE8-A236-92122E0DFBCC} = {F612EED9-37CB-4C78-8C80-4CBD1A36D2A4}
		{18092482-5A3E-4B70-8DC6-79290A03A808} = {46612164-1A15-4158-8249-62A74AD2A80A}
		{5321FAC5-6A31-4CFE-BAE4-6577995F043D} = {46612164-1A15-4158-8249-62A74AD2A80A}
		{C0298BAA-11E4-4286-83BF-D292925185AB} = {5321FAC5-6A31-4CFE-BAE4-6577995F043D}
		{979B0D02-4D80-4246-815E-E890D9BDA808} = {18092482-5A3E-4B70-8DC6-79290A03A808}
		{9836E889-562D-496A-9B6E-D63052819FE4} = {18092482-5A3E-4B70-8DC6-79290A03A808}
		{E38DD329-8717-490B-B9C1-986B8BF66DA0} = {979B0D02-4D80-4246-815E-E890D9BDA808}
		{DCEB3738-EC98-4D4A-9751-C3B227AE93B1} = {979B0D02-4D80-4246-815E-E890D9BDA808}
		{A63965E6-00FD-405B-B6D0-665942EA13A2} = {979B0D02-4D80-4246-815E-E890D9BDA808}
		{298428C2-1E57-44DD-A146-8D1D287D5FD2} = {979B0D02-4D80-4246-815E-E890D9BDA808}
		{BF0A048E-1EE2-4C41-9EB5-261BE21C6132} = {9836E889-562D-496A-9B6E-D63052819FE4}
		{0269DB97-E5D1-4A47-8231-B56B95B1651A} = {9836E889-562D-496A-9B6E-D63052819FE4}
		{52E6E28F-6E73-4CCD-8168-86452AD43348} = {9836E889-562D-496A-9B6E-D63052819FE4}
		{825BD037-79ED-42BD-BE9A-51C051E91464} = {9836E889-562D-496A-9B6E-D63052819FE4}
		{C64C937E-A6F3-4737-B7F1-BC77FDC6E9CE} = {EE9527D6-73D4-44E9-B718-4D1C0C399713}
		{09462F37-A2B2-4C2C-92E7-9EEE435D6882} = {EE9527D6-73D4-44E9-B718-4D1C0C399713}
		{33F348F0-7678-4EB2-B127-6DFF865FC304} = {EE9527D6-73D4-44E9-B718-4D1C0C399713}
		{21D38476-2634-44EB-8DAF-536FF175E281} = {EE9527D6-73D4-44E9-B718-4D1C0C399713}
		{FAB885DB-25FF-45E0-84F2-8D894C5B348E} = {5321FAC5-6A31-4CFE-BAE4-6577995F043D}
		{981AB334-D7DF-4F00-BF33-CF6FB10ED8E7} = {FAB885DB-25FF-45E0-84F2-8D894C5B348E}
		{0ABCD858-70DC-4B0A-AE7C-C1A0A91FEBB4} = {FAB885DB-25FF-45E0-84F2-8D894C5B348E}
		{9A6B6FE2-DC2D-47BC-A451-2B84D4B9FA82} = {FAB885DB-25FF-45E0-84F2-8D894C5B348E}
		{4654EBE4-E3EA-420A-A32B-3920CFEF96EE} = {FAB885DB-25FF-45E0-84F2-8D894C5B348E}
		{EE9527D6-73D4-44E9-B718-4D1C0C399713} = {C0298BAA-11E4-4286-83BF-D292925185AB}
	EndGlobalSection
	GlobalSection(SolutionConfigurationPlatforms) = preSolution
		Debug|Any CPU = Debug|Any CPU
		Release|Any CPU = Release|Any CPU
	EndGlobalSection
EndGlobal
